
Microsoft Visual Studio Solution File, Format Version 12.00
# Visual Studio Version 17
VisualStudioVersion = 17.0.31903.59
MinimumVisualStudioVersion = 10.0.40219.1
Project("{2150E333-8FDC-42A3-9474-1A3956D46DE8}") = "src", "src", "{827E0CD3-B72D-47B6-A68D-7590B98EB39B}"
EndProject
Project("{FAE04EC0-301F-11D3-BF4B-00C04F79EFBC}") = "ApexTrace.Analysis", "src\ApexTrace.Analysis\ApexTrace.Analysis.csproj", "{ED8225E7-3367-4676-BEEB-B986663AD96E}"
EndProject
Project("{FAE04EC0-301F-11D3-BF4B-00C04F79EFBC}") = "ApexTrace.App", "src\ApexTrace.App\ApexTrace.App.csproj", "{A365ABF6-4E97-46AD-8298-684A05CC764C}"
EndProject
Project("{FAE04EC0-301F-11D3-BF4B-00C04F79EFBC}") = "ApexTrace.Core", "src\ApexTrace.Core\ApexTrace.Core.csproj", "{20D65A80-74D1-4C6D-A85C-A1DA830026B0}"
EndProject
Project("{FAE04EC0-301F-11D3-BF4B-00C04F79EFBC}") = "ApexTrace.Lmu", "src\ApexTrace.Lmu\ApexTrace.Lmu.csproj", "{3204F944-A6A6-4A35-A533-B4ACAE56032D}"
EndProject
Project("{FAE04EC0-301F-11D3-BF4B-00C04F79EFBC}") = "ApexTrace.Recording", "src\ApexTrace.Recording\ApexTrace.Recording.csproj", "{86BB251B-B597-4BD8-81A4-8D24FA11B3AA}"
EndProject
Project("{FAE04EC0-301F-11D3-BF4B-00C04F79EFBC}") = "ApexTrace.Rendering", "src\ApexTrace.Rendering\ApexTrace.Rendering.csproj", "{F7FF2D3E-F822-4382-8F41-4F44DAF37D39}"
EndProject
Project("{FAE04EC0-301F-11D3-BF4B-00C04F79EFBC}") = "ApexTrace.Setup", "src\ApexTrace.Setup\ApexTrace.Setup.csproj", "{E148ED4C-DD7F-4947-B7FC-8CA8C29EDC34}"
EndProject
Project("{FAE04EC0-301F-11D3-BF4B-00C04F79EFBC}") = "ApexTrace.Storage", "src\ApexTrace.Storage\ApexTrace.Storage.csproj", "{44D74197-6A96-4C84-B203-E9CD07C44F28}"
EndProject
Project("{FAE04EC0-301F-11D3-BF4B-00C04F79EFBC}") = "ApexTrace.Track", "src\ApexTrace.Track\ApexTrace.Track.csproj", "{9CB67E11-D249-4CF9-BB9F-CF4E89CBE974}"
EndProject
Project("{2150E333-8FDC-42A3-9474-1A3956D46DE8}") = "tests", "tests", "{0AB3BF05-4346-4AA6-1389-037BE0695223}"
EndProject
Project("{FAE04EC0-301F-11D3-BF4B-00C04F79EFBC}") = "ApexTrace.Analysis.Tests", "tests\ApexTrace.Analysis.Tests\ApexTrace.Analysis.Tests.csproj", "{9B39FBA9-F952-4695-8C34-D6EF9928DB3A}"
EndProject
Project("{FAE04EC0-301F-11D3-BF4B-00C04F79EFBC}") = "ApexTrace.Core.Tests", "tests\ApexTrace.Core.Tests\ApexTrace.Core.Tests.csproj", "{A75652AB-BF73-4145-A46B-1B83B142A407}"
EndProject
Project("{FAE04EC0-301F-11D3-BF4B-00C04F79EFBC}") = "ApexTrace.Lmu.Tests", "tests\ApexTrace.Lmu.Tests\ApexTrace.Lmu.Tests.csproj", "{98B286E9-5CD5-4C8A-88C4-51C9CD7D32F5}"
EndProject
Project("{FAE04EC0-301F-11D3-BF4B-00C04F79EFBC}") = "ApexTrace.Recording.Tests", "tests\ApexTrace.Recording.Tests\ApexTrace.Recording.Tests.csproj", "{EE07B004-7446-4A0A-89B4-21C7F46A4906}"
EndProject
Project("{FAE04EC0-301F-11D3-BF4B-00C04F79EFBC}") = "ApexTrace.Storage.Tests", "tests\ApexTrace.Storage.Tests\ApexTrace.Storage.Tests.csproj", "{BDF9D00A-020F-4414-B66E-B6238EB32C8F}"
EndProject
Project("{FAE04EC0-301F-11D3-BF4B-00C04F79EFBC}") = "ApexTrace.Track.Tests", "tests\ApexTrace.Track.Tests\ApexTrace.Track.Tests.csproj", "{271107A1-31F4-4B8F-902B-5D63746B8640}"
EndProject
Project("{FAE04EC0-301F-11D3-BF4B-00C04F79EFBC}") = "ApexTrace.Ui.Tests", "tests\ApexTrace.Ui.Tests\ApexTrace.Ui.Tests.csproj", "{F4456F14-CE32-4A89-B5FB-813FD2F0DAB0}"
EndProject
Global
	GlobalSection(SolutionConfigurationPlatforms) = preSolution
		Debug|Any CPU = Debug|Any CPU
		Debug|x64 = Debug|x64
		Debug|x86 = Debug|x86
		Release|Any CPU = Release|Any CPU
		Release|x64 = Release|x64
		Release|x86 = Release|x86
	EndGlobalSection
	GlobalSection(ProjectConfigurationPlatforms) = postSolution
		{ED8225E7-3367-4676-BEEB-B986663AD96E}.Debug|Any CPU.ActiveCfg = Debug|Any CPU
		{ED8225E7-3367-4676-BEEB-B986663AD96E}.Debug|Any CPU.Build.0 = Debug|Any CPU
		{ED8225E7-3367-4676-BEEB-B986663AD96E}.Debug|x64.ActiveCfg = Debug|Any CPU
		{ED8225E7-3367-4676-BEEB-B986663AD96E}.Debug|x64.Build.0 = Debug|Any CPU
		{ED8225E7-3367-4676-BEEB-B986663AD96E}.Debug|x86.ActiveCfg = Debug|Any CPU
		{ED8225E7-3367-4676-BEEB-B986663AD96E}.Debug|x86.Build.0 = Debug|Any CPU
		{ED8225E7-3367-4676-BEEB-B986663AD96E}.Release|Any CPU.ActiveCfg = Release|Any CPU
		{ED8225E7-3367-4676-BEEB-B986663AD96E}.Release|Any CPU.Build.0 = Release|Any CPU
		{ED8225E7-3367-4676-BEEB-B986663AD96E}.Release|x64.ActiveCfg = Release|Any CPU
		{ED8225E7-3367-4676-BEEB-B986663AD96E}.Release|x64.Build.0 = Release|Any CPU
		{ED8225E7-3367-4676-BEEB-B986663AD96E}.Release|x86.ActiveCfg = Release|Any CPU
		{ED8225E7-3367-4676-BEEB-B986663AD96E}.Release|x86.Build.0 = Release|Any CPU
		{A365ABF6-4E97-46AD-8298-684A05CC764C}.Debug|Any CPU.ActiveCfg = Debug|Any CPU
		{A365ABF6-4E97-46AD-8298-684A05CC764C}.Debug|Any CPU.Build.0 = Debug|Any CPU
		{A365ABF6-4E97-46AD-8298-684A05CC764C}.Debug|x64.ActiveCfg = Debug|Any CPU
		{A365ABF6-4E97-46AD-8298-684A05CC764C}.Debug|x64.Build.0 = Debug|Any CPU
		{A365ABF6-4E97-46AD-8298-684A05CC764C}.Debug|x86.ActiveCfg = Debug|Any CPU
		{A365ABF6-4E97-46AD-8298-684A05CC764C}.Debug|x86.Build.0 = Debug|Any CPU
		{A365ABF6-4E97-46AD-8298-684A05CC764C}.Release|Any CPU.ActiveCfg = Release|Any CPU
		{A365ABF6-4E97-46AD-8298-684A05CC764C}.Release|Any CPU.Build.0 = Release|Any CPU
		{A365ABF6-4E97-46AD-8298-684A05CC764C}.Release|x64.ActiveCfg = Release|Any CPU
		{A365ABF6-4E97-46AD-8298-684A05CC764C}.Release|x64.Build.0 = Release|Any CPU
		{A365ABF6-4E97-46AD-8298-684A05CC764C}.Release|x86.ActiveCfg = Release|Any CPU
		{A365ABF6-4E97-46AD-8298-684A05CC764C}.Release|x86.Build.0 = Release|Any CPU
		{20D65A80-74D1-4C6D-A85C-A1DA830026B0}.Debug|Any CPU.ActiveCfg = Debug|Any CPU
		{20D65A80-74D1-4C6D-A85C-A1DA830026B0}.Debug|Any CPU.Build.0 = Debug|Any CPU
		{20D65A80-74D1-4C6D-A85C-A1DA830026B0}.Debug|x64.ActiveCfg = Debug|Any CPU
		{20D65A80-74D1-4C6D-A85C-A1DA830026B0}.Debug|x64.Build.0 = Debug|Any CPU
		{20D65A80-74D1-4C6D-A85C-A1DA830026B0}.Debug|x86.ActiveCfg = Debug|Any CPU
		{20D65A80-74D1-4C6D-A85C-A1DA830026B0}.Debug|x86.Build.0 = Debug|Any CPU
		{20D65A80-74D1-4C6D-A85C-A1DA830026B0}.Release|Any CPU.ActiveCfg = Release|Any CPU
		{20D65A80-74D1-4C6D-A85C-A1DA830026B0}.Release|Any CPU.Build.0 = Release|Any CPU
		{20D65A80-74D1-4C6D-A85C-A1DA830026B0}.Release|x64.ActiveCfg = Release|Any CPU
		{20D65A80-74D1-4C6D-A85C-A1DA830026B0}.Release|x64.Build.0 = Release|Any CPU
		{20D65A80-74D1-4C6D-A85C-A1DA830026B0}.Release|x86.ActiveCfg = Release|Any CPU
		{20D65A80-74D1-4C6D-A85C-A1DA830026B0}.Release|x86.Build.0 = Release|Any CPU
		{3204F944-A6A6-4A35-A533-B4ACAE56032D}.Debug|Any CPU.ActiveCfg = Debug|Any CPU
		{3204F944-A6A6-4A35-A533-B4ACAE56032D}.Debug|Any CPU.Build.0 = Debug|Any CPU
		{3204F944-A6A6-4A35-A533-B4ACAE56032D}.Debug|x64.ActiveCfg = Debug|Any CPU
		{3204F944-A6A6-4A35-A533-B4ACAE56032D}.Debug|x64.Build.0 = Debug|Any CPU
		{3204F944-A6A6-4A35-A533-B4ACAE56032D}.Debug|x86.ActiveCfg = Debug|Any CPU
		{3204F944-A6A6-4A35-A533-B4ACAE56032D}.Debug|x86.Build.0 = Debug|Any CPU
		{3204F944-A6A6-4A35-A533-B4ACAE56032D}.Release|Any CPU.ActiveCfg = Release|Any CPU
		{3204F944-A6A6-4A35-A533-B4ACAE56032D}.Release|Any CPU.Build.0 = Release|Any CPU
		{3204F944-A6A6-4A35-A533-B4ACAE56032D}.Release|x64.ActiveCfg = Release|Any CPU
		{3204F944-A6A6-4A35-A533-B4ACAE56032D}.Release|x64.Build.0 = Release|Any CPU
		{3204F944-A6A6-4A35-A533-B4ACAE56032D}.Release|x86.ActiveCfg = Release|Any CPU
		{3204F944-A6A6-4A35-A533-B4ACAE56032D}.Release|x86.Build.0 = Release|Any CPU
		{86BB251B-B597-4BD8-81A4-8D24FA11B3AA}.Debug|Any CPU.ActiveCfg = Debug|Any CPU
		{86BB251B-B597-4BD8-81A4-8D24FA11B3AA}.Debug|Any CPU.Build.0 = Debug|Any CPU
		{86BB251B-B597-4BD8-81A4-8D24FA11B3AA}.Debug|x64.ActiveCfg = Debug|Any CPU
		{86BB251B-B597-4BD8-81A4-8D24FA11B3AA}.Debug|x64.Build.0 = Debug|Any CPU
		{86BB251B-B597-4BD8-81A4-8D24FA11B3AA}.Debug|x86.ActiveCfg = Debug|Any CPU
		{86BB251B-B597-4BD8-81A4-8D24FA11B3AA}.Debug|x86.Build.0 = Debug|Any CPU
		{86BB251B-B597-4BD8-81A4-8D24FA11B3AA}.Release|Any CPU.ActiveCfg = Release|Any CPU
		{86BB251B-B597-4BD8-81A4-8D24FA11B3AA}.Release|Any CPU.Build.0 = Release|Any CPU
		{86BB251B-B597-4BD8-81A4-8D24FA11B3AA}.Release|x64.ActiveCfg = Release|Any CPU
		{86BB251B-B597-4BD8-81A4-8D24FA11B3AA}.Release|x64.Build.0 = Release|Any CPU
		{86BB251B-B597-4BD8-81A4-8D24FA11B3AA}.Release|x86.ActiveCfg = Release|Any CPU
		{86BB251B-B597-4BD8-81A4-8D24FA11B3AA}.Release|x86.Build.0 = Release|Any CPU
		{F7FF2D3E-F822-4382-8F41-4F44DAF37D39}.Debug|Any CPU.ActiveCfg = Debug|Any CPU
		{F7FF2D3E-F822-4382-8F41-4F44DAF37D39}.Debug|Any CPU.Build.0 = Debug|Any CPU
		{F7FF2D3E-F822-4382-8F41-4F44DAF37D39}.Debug|x64.ActiveCfg = Debug|Any CPU
		{F7FF2D3E-F822-4382-8F41-4F44DAF37D39}.Debug|x64.Build.0 = Debug|Any CPU
		{F7FF2D3E-F822-4382-8F41-4F44DAF37D39}.Debug|x86.ActiveCfg = Debug|Any CPU
		{F7FF2D3E-F822-4382-8F41-4F44DAF37D39}.Debug|x86.Build.0 = Debug|Any CPU
		{F7FF2D3E-F822-4382-8F41-4F44DAF37D39}.Release|Any CPU.ActiveCfg = Release|Any CPU
		{F7FF2D3E-F822-4382-8F41-4F44DAF37D39}.Release|Any CPU.Build.0 = Release|Any CPU
		{F7FF2D3E-F822-4382-8F41-4F44DAF37D39}.Release|x64.ActiveCfg = Release|Any CPU
		{F7FF2D3E-F822-4382-8F41-4F44DAF37D39}.Release|x64.Build.0 = Release|Any CPU
		{F7FF2D3E-F822-4382-8F41-4F44DAF37D39}.Release|x86.ActiveCfg = Release|Any CPU
		{F7FF2D3E-F822-4382-8F41-4F44DAF37D39}.Release|x86.Build.0 = Release|Any CPU
		{E148ED4C-DD7F-4947-B7FC-8CA8C29EDC34}.Debug|Any CPU.ActiveCfg = Debug|Any CPU
		{E148ED4C-DD7F-4947-B7FC-8CA8C29EDC34}.Debug|Any CPU.Build.0 = Debug|Any CPU
		{E148ED4C-DD7F-4947-B7FC-8CA8C29EDC34}.Debug|x64.ActiveCfg = Debug|Any CPU
		{E148ED4C-DD7F-4947-B7FC-8CA8C29EDC34}.Debug|x64.Build.0 = Debug|Any CPU
		{E148ED4C-DD7F-4947-B7FC-8CA8C29EDC34}.Debug|x86.ActiveCfg = Debug|Any CPU
		{E148ED4C-DD7F-4947-B7FC-8CA8C29EDC34}.Debug|x86.Build.0 = Debug|Any CPU
		{E148ED4C-DD7F-4947-B7FC-8CA8C29EDC34}.Release|Any CPU.ActiveCfg = Release|Any CPU
		{E148ED4C-DD7F-4947-B7FC-8CA8C29EDC34}.Release|Any CPU.Build.0 = Release|Any CPU
		{E148ED4C-DD7F-4947-B7FC-8CA8C29EDC34}.Release|x64.ActiveCfg = Release|Any CPU
		{E148ED4C-DD7F-4947-B7FC-8CA8C29EDC34}.Release|x64.Build.0 = Release|Any CPU
		{E148ED4C-DD7F-4947-B7FC-8CA8C29EDC34}.Release|x86.ActiveCfg = Release|Any CPU
		{E148ED4C-DD7F-4947-B7FC-8CA8C29EDC34}.Release|x86.Build.0 = Release|Any CPU
		{44D74197-6A96-4C84-B203-E9CD07C44F28}.Debug|Any CPU.ActiveCfg = Debug|Any CPU
		{44D74197-6A96-4C84-B203-E9CD07C44F28}.Debug|Any CPU.Build.0 = Debug|Any CPU
		{44D74197-6A96-4C84-B203-E9CD07C44F28}.Debug|x64.ActiveCfg = Debug|Any CPU
		{44D74197-6A96-4C84-B203-E9CD07C44F28}.Debug|x64.Build.0 = Debug|Any CPU
		{44D74197-6A96-4C84-B203-E9CD07C44F28}.Debug|x86.ActiveCfg = Debug|Any CPU
		{44D74197-6A96-4C84-B203-E9CD07C44F28}.Debug|x86.Build.0 = Debug|Any CPU
		{44D74197-6A96-4C84-B203-E9CD07C44F28}.Release|Any CPU.ActiveCfg = Release|Any CPU
		{44D74197-6A96-4C84-B203-E9CD07C44F28}.Release|Any CPU.Build.0 = Release|Any CPU
		{44D74197-6A96-4C84-B203-E9CD07C44F28}.Release|x64.ActiveCfg = Release|Any CPU
		{44D74197-6A96-4C84-B203-E9CD07C44F28}.Release|x64.Build.0 = Release|Any CPU
		{44D74197-6A96-4C84-B203-E9CD07C44F28}.Release|x86.ActiveCfg = Release|Any CPU
		{44D74197-6A96-4C84-B203-E9CD07C44F28}.Release|x86.Build.0 = Release|Any CPU
		{9CB67E11-D249-4CF9-BB9F-CF4E89CBE974}.Debug|Any CPU.ActiveCfg = Debug|Any CPU
		{9CB67E11-D249-4CF9-BB9F-CF4E89CBE974}.Debug|Any CPU.Build.0 = Debug|Any CPU
		{9CB67E11-D249-4CF9-BB9F-CF4E89CBE974}.Debug|x64.ActiveCfg = Debug|Any CPU
		{9CB67E11-D249-4CF9-BB9F-CF4E89CBE974}.Debug|x64.Build.0 = Debug|Any CPU
		{9CB67E11-D249-4CF9-BB9F-CF4E89CBE974}.Debug|x86.ActiveCfg = Debug|Any CPU
		{9CB67E11-D249-4CF9-BB9F-CF4E89CBE974}.Debug|x86.Build.0 = Debug|Any CPU
		{9CB67E11-D249-4CF9-BB9F-CF4E89CBE974}.Release|Any CPU.ActiveCfg = Release|Any CPU
		{9CB67E11-D249-4CF9-BB9F-CF4E89CBE974}.Release|Any CPU.Build.0 = Release|Any CPU
		{9CB67E11-D249-4CF9-BB9F-CF4E89CBE974}.Release|x64.ActiveCfg = Release|Any CPU
		{9CB67E11-D249-4CF9-BB9F-CF4E89CBE974}.Release|x64.Build.0 = Release|Any CPU
		{9CB67E11-D249-4CF9-BB9F-CF4E89CBE974}.Release|x86.ActiveCfg = Release|Any CPU
		{9CB67E11-D249-4CF9-BB9F-CF4E89CBE974}.Release|x86.Build.0 = Release|Any CPU
		{9B39FBA9-F952-4695-8C34-D6EF9928DB3A}.Debug|Any CPU.ActiveCfg = Debug|Any CPU
		{9B39FBA9-F952-4695-8C34-D6EF9928DB3A}.Debug|Any CPU.Build.0 = Debug|Any CPU
		{9B39FBA9-F952-4695-8C34-D6EF9928DB3A}.Debug|x64.ActiveCfg = Debug|Any CPU
		{9B39FBA9-F952-4695-8C34-D6EF9928DB3A}.Debug|x64.Build.0 = Debug|Any CPU
		{9B39FBA9-F952-4695-8C34-D6EF9928DB3A}.Debug|x86.ActiveCfg = Debug|Any CPU
		{9B39FBA9-F952-4695-8C34-D6EF9928DB3A}.Debug|x86.Build.0 = Debug|Any CPU
		{9B39FBA9-F952-4695-8C34-D6EF9928DB3A}.Release|Any CPU.ActiveCfg = Release|Any CPU
		{9B39FBA9-F952-4695-8C34-D6EF9928DB3A}.Release|Any CPU.Build.0 = Release|Any CPU
		{9B39FBA9-F952-4695-8C34-D6EF9928DB3A}.Release|x64.ActiveCfg = Release|Any CPU
		{9B39FBA9-F952-4695-8C34-D6EF9928DB3A}.Release|x64.Build.0 = Release|Any CPU
		{9B39FBA9-F952-4695-8C34-D6EF9928DB3A}.Release|x86.ActiveCfg = Release|Any CPU
		{9B39FBA9-F952-4695-8C34-D6EF9928DB3A}.Release|x86.Build.0 = Release|Any CPU
		{A75652AB-BF73-4145-A46B-1B83B142A407}.Debug|Any CPU.ActiveCfg = Debug|Any CPU
		{A75652AB-BF73-4145-A46B-1B83B142A407}.Debug|Any CPU.Build.0 = Debug|Any CPU
		{A75652AB-BF73-4145-A46B-1B83B142A407}.Debug|x64.ActiveCfg = Debug|Any CPU
		{A75652AB-BF73-4145-A46B-1B83B142A407}.Debug|x64.Build.0 = Debug|Any CPU
		{A75652AB-BF73-4145-A46B-1B83B142A407}.Debug|x86.ActiveCfg = Debug|Any CPU
		{A75652AB-BF73-4145-A46B-1B83B142A407}.Debug|x86.Build.0 = Debug|Any CPU
		{A75652AB-BF73-4145-A46B-1B83B142A407}.Release|Any CPU.ActiveCfg = Release|Any CPU
		{A75652AB-BF73-4145-A46B-1B83B142A407}.Release|Any CPU.Build.0 = Release|Any CPU
		{A75652AB-BF73-4145-A46B-1B83B142A407}.Release|x64.ActiveCfg = Release|Any CPU
		{A75652AB-BF73-4145-A46B-1B83B142A407}.Release|x64.Build.0 = Release|Any CPU
		{A75652AB-BF73-4145-A46B-1B83B142A407}.Release|x86.ActiveCfg = Release|Any CPU
		{A75652AB-BF73-4145-A46B-1B83B142A407}.Release|x86.Build.0 = Release|Any CPU
		{98B286E9-5CD5-4C8A-88C4-51C9CD7D32F5}.Debug|Any CPU.ActiveCfg = Debug|Any CPU
		{98B286E9-5CD5-4C8A-88C4-51C9CD7D32F5}.Debug|Any CPU.Build.0 = Debug|Any CPU
		{98B286E9-5CD5-4C8A-88C4-51C9CD7D32F5}.Debug|x64.ActiveCfg = Debug|Any CPU
		{98B286E9-5CD5-4C8A-88C4-51C9CD7D32F5}.Debug|x64.Build.0 = Debug|Any CPU
		{98B286E9-5CD5-4C8A-88C4-51C9CD7D32F5}.Debug|x86.ActiveCfg = Debug|Any CPU
		{98B286E9-5CD5-4C8A-88C4-51C9CD7D32F5}.Debug|x86.Build.0 = Debug|Any CPU
		{98B286E9-5CD5-4C8A-88C4-51C9CD7D32F5}.Release|Any CPU.ActiveCfg = Release|Any CPU
		{98B286E9-5CD5-4C8A-88C4-51C9CD7D32F5}.Release|Any CPU.Build.0 = Release|Any CPU
		{98B286E9-5CD5-4C8A-88C4-51C9CD7D32F5}.Release|x64.ActiveCfg = Release|Any CPU
		{98B286E9-5CD5-4C8A-88C4-51C9CD7D32F5}.Release|x64.Build.0 = Release|Any CPU
		{98B286E9-5CD5-4C8A-88C4-51C9CD7D32F5}.Release|x86.ActiveCfg = Release|Any CPU
		{98B286E9-5CD5-4C8A-88C4-51C9CD7D32F5}.Release|x86.Build.0 = Release|Any CPU
		{EE07B004-7446-4A0A-89B4-21C7F46A4906}.Debug|Any CPU.ActiveCfg = Debug|Any CPU
		{EE07B004-7446-4A0A-89B4-21C7F46A4906}.Debug|Any CPU.Build.0 = Debug|Any CPU
		{EE07B004-7446-4A0A-89B4-21C7F46A4906}.Debug|x64.ActiveCfg = Debug|Any CPU
		{EE07B004-7446-4A0A-89B4-21C7F46A4906}.Debug|x64.Build.0 = Debug|Any CPU
		{EE07B004-7446-4A0A-89B4-21C7F46A4906}.Debug|x86.ActiveCfg = Debug|Any CPU
		{EE07B004-7446-4A0A-89B4-21C7F46A4906}.Debug|x86.Build.0 = Debug|Any CPU
		{EE07B004-7446-4A0A-89B4-21C7F46A4906}.Release|Any CPU.ActiveCfg = Release|Any CPU
		{EE07B004-7446-4A0A-89B4-21C7F46A4906}.Release|Any CPU.Build.0 = Release|Any CPU
		{EE07B004-7446-4A0A-89B4-21C7F46A4906}.Release|x64.ActiveCfg = Release|Any CPU
		{EE07B004-7446-4A0A-89B4-21C7F46A4906}.Release|x64.Build.0 = Release|Any CPU
		{EE07B004-7446-4A0A-89B4-21C7F46A4906}.Release|x86.ActiveCfg = Release|Any CPU
		{EE07B004-7446-4A0A-89B4-21C7F46A4906}.Release|x86.Build.0 = Release|Any CPU
		{BDF9D00A-020F-4414-B66E-B6238EB32C8F}.Debug|Any CPU.ActiveCfg = Debug|Any CPU
		{BDF9D00A-020F-4414-B66E-B6238EB32C8F}.Debug|Any CPU.Build.0 = Debug|Any CPU
		{BDF9D00A-020F-4414-B66E-B6238EB32C8F}.Debug|x64.ActiveCfg = Debug|Any CPU
		{BDF9D00A-020F-4414-B66E-B6238EB32C8F}.Debug|x64.Build.0 = Debug|Any CPU
		{BDF9D00A-020F-4414-B66E-B6238EB32C8F}.Debug|x86.ActiveCfg = Debug|Any CPU
		{BDF9D00A-020F-4414-B66E-B6238EB32C8F}.Debug|x86.Build.0 = Debug|Any CPU
		{BDF9D00A-020F-4414-B66E-B6238EB32C8F}.Release|Any CPU.ActiveCfg = Release|Any CPU
		{BDF9D00A-020F-4414-B66E-B6238EB32C8F}.Release|Any CPU.Build.0 = Release|Any CPU
		{BDF9D00A-020F-4414-B66E-B6238EB32C8F}.Release|x64.ActiveCfg = Release|Any CPU
		{BDF9D00A-020F-4414-B66E-B6238EB32C8F}.Release|x64.Build.0 = Release|Any CPU
		{BDF9D00A-020F-4414-B66E-B6238EB32C8F}.Release|x86.ActiveCfg = Release|Any CPU
		{BDF9D00A-020F-4414-B66E-B6238EB32C8F}.Release|x86.Build.0 = Release|Any CPU
		{271107A1-31F4-4B8F-902B-5D63746B8640}.Debug|Any CPU.ActiveCfg = Debug|Any CPU
		{271107A1-31F4-4B8F-902B-5D63746B8640}.Debug|Any CPU.Build.0 = Debug|Any CPU
		{271107A1-31F4-4B8F-902B-5D63746B8640}.Debug|x64.ActiveCfg = Debug|Any CPU
		{271107A1-31F4-4B8F-902B-5D63746B8640}.Debug|x64.Build.0 = Debug|Any CPU
		{271107A1-31F4-4B8F-902B-5D63746B8640}.Debug|x86.ActiveCfg = Debug|Any CPU
		{271107A1-31F4-4B8F-902B-5D63746B8640}.Debug|x86.Build.0 = Debug|Any CPU
		{271107A1-31F4-4B8F-902B-5D63746B8640}.Release|Any CPU.ActiveCfg = Release|Any CPU
		{271107A1-31F4-4B8F-902B-5D63746B8640}.Release|Any CPU.Build.0 = Release|Any CPU
		{271107A1-31F4-4B8F-902B-5D63746B8640}.Release|x64.ActiveCfg = Release|Any CPU
		{271107A1-31F4-4B8F-902B-5D63746B8640}.Release|x64.Build.0 = Release|Any CPU
		{271107A1-31F4-4B8F-902B-5D63746B8640}.Release|x86.ActiveCfg = Release|Any CPU
		{271107A1-31F4-4B8F-902B-5D63746B8640}.Release|x86.Build.0 = Release|Any CPU
		{F4456F14-CE32-4A89-B5FB-813FD2F0DAB0}.Debug|Any CPU.ActiveCfg = Debug|Any CPU
		{F4456F14-CE32-4A89-B5FB-813FD2F0DAB0}.Debug|Any CPU.Build.0 = Debug|Any CPU
		{F4456F14-CE32-4A89-B5FB-813FD2F0DAB0}.Debug|x64.ActiveCfg = Debug|Any CPU
		{F4456F14-CE32-4A89-B5FB-813FD2F0DAB0}.Debug|x64.Build.0 = Debug|Any CPU
		{F4456F14-CE32-4A89-B5FB-813FD2F0DAB0}.Debug|x86.ActiveCfg = Debug|Any CPU
		{F4456F14-CE32-4A89-B5FB-813FD2F0DAB0}.Debug|x86.Build.0 = Debug|Any CPU
		{F4456F14-CE32-4A89-B5FB-813FD2F0DAB0}.Release|Any CPU.ActiveCfg = Release|Any CPU
		{F4456F14-CE32-4A89-B5FB-813FD2F0DAB0}.Release|Any CPU.Build.0 = Release|Any CPU
		{F4456F14-CE32-4A89-B5FB-813FD2F0DAB0}.Release|x64.ActiveCfg = Release|Any CPU
		{F4456F14-CE32-4A89-B5FB-813FD2F0DAB0}.Release|x64.Build.0 = Release|Any CPU
		{F4456F14-CE32-4A89-B5FB-813FD2F0DAB0}.Release|x86.ActiveCfg = Release|Any CPU
		{F4456F14-CE32-4A89-B5FB-813FD2F0DAB0}.Release|x86.Build.0 = Release|Any CPU
	EndGlobalSection
	GlobalSection(SolutionProperties) = preSolution
		HideSolutionNode = FALSE
	EndGlobalSection
	GlobalSection(NestedProjects) = preSolution
		{ED8225E7-3367-4676-BEEB-B986663AD96E} = {827E0CD3-B72D-47B6-A68D-7590B98EB39B}
		{A365ABF6-4E97-46AD-8298-684A05CC764C} = {827E0CD3-B72D-47B6-A68D-7590B98EB39B}
		{20D65A80-74D1-4C6D-A85C-A1DA830026B0} = {827E0CD3-B72D-47B6-A68D-7590B98EB39B}
		{3204F944-A6A6-4A35-A533-B4ACAE56032D} = {827E0CD3-B72D-47B6-A68D-7590B98EB39B}
		{86BB251B-B597-4BD8-81A4-8D24FA11B3AA} = {827E0CD3-B72D-47B6-A68D-7590B98EB39B}
		{F7FF2D3E-F822-4382-8F41-4F44DAF37D39} = {827E0CD3-B72D-47B6-A68D-7590B98EB39B}
		{E148ED4C-DD7F-4947-B7FC-8CA8C29EDC34} = {827E0CD3-B72D-47B6-A68D-7590B98EB39B}
		{44D74197-6A96-4C84-B203-E9CD07C44F28} = {827E0CD3-B72D-47B6-A68D-7590B98EB39B}
		{9CB67E11-D249-4CF9-BB9F-CF4E89CBE974} = {827E0CD3-B72D-47B6-A68D-7590B98EB39B}
		{9B39FBA9-F952-4695-8C34-D6EF9928DB3A} = {0AB3BF05-4346-4AA6-1389-037BE0695223}
		{A75652AB-BF73-4145-A46B-1B83B142A407} = {0AB3BF05-4346-4AA6-1389-037BE0695223}
		{98B286E9-5CD5-4C8A-88C4-51C9CD7D32F5} = {0AB3BF05-4346-4AA6-1389-037BE0695223}
		{EE07B004-7446-4A0A-89B4-21C7F46A4906} = {0AB3BF05-4346-4AA6-1389-037BE0695223}
		{BDF9D00A-020F-4414-B66E-B6238EB32C8F} = {0AB3BF05-4346-4AA6-1389-037BE0695223}
		{271107A1-31F4-4B8F-902B-5D63746B8640} = {0AB3BF05-4346-4AA6-1389-037BE0695223}
		{F4456F14-CE32-4A89-B5FB-813FD2F0DAB0} = {0AB3BF05-4346-4AA6-1389-037BE0695223}
	EndGlobalSection
EndGlobal
